// !$*UTF8*$!
{ archiveVersion = 1; classes = {}; objectVersion = 56; objects = {
A64A0EAFDA2E39B5C1EA7401 = { isa = PBXFileReference; lastKnownFileType = sourcecode.swift; path = "AppModel.swift"; sourceTree = "<group>"; };
FAE41FBA96A48A67B8123A78 = { isa = PBXBuildFile; fileRef = A64A0EAFDA2E39B5C1EA7401; };
2C3F0AC552BAB14A1798E511 = { isa = PBXFileReference; lastKnownFileType = sourcecode.swift; path = "AppResources.swift"; sourceTree = "<group>"; };
DEB56887346718CEEF8CB97E = { isa = PBXBuildFile; fileRef = 2C3F0AC552BAB14A1798E511; };
C6D55F9E29506DC79B1899F4 = { isa = PBXFileReference; lastKnownFileType = sourcecode.swift; path = "AppleSpeechBackend.swift"; sourceTree = "<group>"; };
330DFA6C679CFA3132B66810 = { isa = PBXBuildFile; fileRef = C6D55F9E29506DC79B1899F4; };
1A8B6A19F85AA54449F73E08 = { isa = PBXFileReference; lastKnownFileType = sourcecode.swift; path = "CaptureService.swift"; sourceTree = "<group>"; };
07EFFB5255014A5A0D7BF93B = { isa = PBXBuildFile; fileRef = 1A8B6A19F85AA54449F73E08; };
8AEBFD32EB41CEFF4FE64F1C = { isa = PBXFileReference; lastKnownFileType = sourcecode.swift; path = "DictationCoordinator.swift"; sourceTree = "<group>"; };
A6EC808B36286E3422EF3EED = { isa = PBXBuildFile; fileRef = 8AEBFD32EB41CEFF4FE64F1C; };
46C92C217E7752F121CFCDAB = { isa = PBXFileReference; lastKnownFileType = sourcecode.swift; path = "HotkeyManager.swift"; sourceTree = "<group>"; };
41A5733ADF421010E1DF3AA1 = { isa = PBXBuildFile; fileRef = 46C92C217E7752F121CFCDAB; };
100D958825F43B7B12ADF49E = { isa = PBXFileReference; lastKnownFileType = sourcecode.swift; path = "InputDeviceStore.swift"; sourceTree = "<group>"; };
10E8236C54CE5FB7EBDAE4B8 = { isa = PBXBuildFile; fileRef = 100D958825F43B7B12ADF49E; };
42790392D4F96C26B030BC87 = { isa = PBXFileReference; lastKnownFileType = sourcecode.swift; path = "InputOnlyCapture.swift"; sourceTree = "<group>"; };
B8B1BA0D88312A424BECEDB4 = { isa = PBXBuildFile; fileRef = 42790392D4F96C26B030BC87; };
9914843CC78D7654876D9D74 = { isa = PBXFileReference; lastKnownFileType = sourcecode.swift; path = "InsertionDelivery.swift"; sourceTree = "<group>"; };
65978616CAF6FFB1B4793E8C = { isa = PBXBuildFile; fileRef = 9914843CC78D7654876D9D74; };
6EEEDF3FA343DEE76F09365D = { isa = PBXFileReference; lastKnownFileType = sourcecode.swift; path = "LicensesView.swift"; sourceTree = "<group>"; };
F6426E55E3A52F82A7882517 = { isa = PBXBuildFile; fileRef = 6EEEDF3FA343DEE76F09365D; };
9AF27C64B6B23BAFE1AAB9C4 = { isa = PBXFileReference; lastKnownFileType = sourcecode.swift; path = "LocalModelStore.swift"; sourceTree = "<group>"; };
C7268869590CC85634F57518 = { isa = PBXBuildFile; fileRef = 9AF27C64B6B23BAFE1AAB9C4; };
8AEE7257C919E1D4B4EC3B3A = { isa = PBXFileReference; lastKnownFileType = sourcecode.swift; path = "MicrophoneMonitor.swift"; sourceTree = "<group>"; };
ACC72AFB32FFD94CCA7AABD4 = { isa = PBXBuildFile; fileRef = 8AEE7257C919E1D4B4EC3B3A; };
B1FC98948411506BA405F451 = { isa = PBXFileReference; lastKnownFileType = sourcecode.swift; path = "MicrophonePermission.swift"; sourceTree = "<group>"; };
1A23D0CB2DD9C1AD732D02B7 = { isa = PBXBuildFile; fileRef = B1FC98948411506BA405F451; };
22ADF6A9996DFE75293AA6C6 = { isa = PBXFileReference; lastKnownFileType = sourcecode.swift; path = "MoonshineBackend.swift"; sourceTree = "<group>"; };
F95B2F80D2C443E20BF186AE = { isa = PBXBuildFile; fileRef = 22ADF6A9996DFE75293AA6C6; };
C56C0A326623550FEDFB301D = { isa = PBXFileReference; lastKnownFileType = sourcecode.swift; path = "MurmurApp.swift"; sourceTree = "<group>"; };
05468FE2EE98968B3908C2A5 = { isa = PBXBuildFile; fileRef = C56C0A326623550FEDFB301D; };
9418675B3FE650326E79D544 = { isa = PBXFileReference; lastKnownFileType = sourcecode.swift; path = "OverlayController.swift"; sourceTree = "<group>"; };
FA61BE619BD15C070D2F09E9 = { isa = PBXBuildFile; fileRef = 9418675B3FE650326E79D544; };
A17CE71B8929C7554BDC56B9 = { isa = PBXFileReference; lastKnownFileType = sourcecode.swift; path = "ParakeetBackend.swift"; sourceTree = "<group>"; };
508F0CAE2731F3B0BCF01B23 = { isa = PBXBuildFile; fileRef = A17CE71B8929C7554BDC56B9; };
8E1FFEA2BF243761C6E20865 = { isa = PBXFileReference; lastKnownFileType = sourcecode.swift; path = "PasteKeyboardEvents.swift"; sourceTree = "<group>"; };
2DB26BE1DB836E998AC0266E = { isa = PBXBuildFile; fileRef = 8E1FFEA2BF243761C6E20865; };
3CB650DEF5484460683BF154 = { isa = PBXFileReference; lastKnownFileType = sourcecode.swift; path = "RemoteClipboardHandoff.swift"; sourceTree = "<group>"; };
2DD1B552B32F5671BBFE5D06 = { isa = PBXBuildFile; fileRef = 3CB650DEF5484460683BF154; };
CD43C8C5A1F277AFA14813B2 = { isa = PBXFileReference; lastKnownFileType = sourcecode.swift; path = "RequestedPasteboardText.swift"; sourceTree = "<group>"; };
27B10A65FC80EA0F71D8157E = { isa = PBXBuildFile; fileRef = CD43C8C5A1F277AFA14813B2; };
FB4DEECB3B1252467018368B = { isa = PBXFileReference; lastKnownFileType = sourcecode.swift; path = "SerializedSpeechBackend.swift"; sourceTree = "<group>"; };
4ECBEAF6BB19730F94506EE4 = { isa = PBXBuildFile; fileRef = FB4DEECB3B1252467018368B; };
FA244A6691B4611ECF561449 = { isa = PBXFileReference; lastKnownFileType = sourcecode.swift; path = "SettingsView.swift"; sourceTree = "<group>"; };
33B99A5C216AC88019193844 = { isa = PBXBuildFile; fileRef = FA244A6691B4611ECF561449; };
4FDBD311C98C7E15099CA21E = { isa = PBXFileReference; lastKnownFileType = sourcecode.swift; path = "TextInsertionService.swift"; sourceTree = "<group>"; };
54EA1098CC68D2C73C156581 = { isa = PBXBuildFile; fileRef = 4FDBD311C98C7E15099CA21E; };
46664CE22DD68CFC3549C48A = { isa = PBXFileReference; lastKnownFileType = sourcecode.swift; path = "VoiceVisualizer.swift"; sourceTree = "<group>"; };
7AA1F9AC89380964F369FA94 = { isa = PBXBuildFile; fileRef = 46664CE22DD68CFC3549C48A; };
2553CBDA77DE3A6575B04871 = { isa = PBXFileReference; lastKnownFileType = sourcecode.swift; path = "WhisperBackend.swift"; sourceTree = "<group>"; };
771EB788E39BED6894AE09AD = { isa = PBXBuildFile; fileRef = 2553CBDA77DE3A6575B04871; };
2648C8C22917832048EAC9ED = { isa = PBXGroup; children = (A64A0EAFDA2E39B5C1EA7401,2C3F0AC552BAB14A1798E511,C6D55F9E29506DC79B1899F4,1A8B6A19F85AA54449F73E08,8AEBFD32EB41CEFF4FE64F1C,46C92C217E7752F121CFCDAB,100D958825F43B7B12ADF49E,42790392D4F96C26B030BC87,9914843CC78D7654876D9D74,6EEEDF3FA343DEE76F09365D,9AF27C64B6B23BAFE1AAB9C4,8AEE7257C919E1D4B4EC3B3A,B1FC98948411506BA405F451,22ADF6A9996DFE75293AA6C6,C56C0A326623550FEDFB301D,9418675B3FE650326E79D544,A17CE71B8929C7554BDC56B9,8E1FFEA2BF243761C6E20865,3CB650DEF5484460683BF154,CD43C8C5A1F277AFA14813B2,FB4DEECB3B1252467018368B,FA244A6691B4611ECF561449,4FDBD311C98C7E15099CA21E,46664CE22DD68CFC3549C48A,2553CBDA77DE3A6575B04871,); path = Sources/Murmur; sourceTree = "<group>"; };
38A007151ABE87CC01A5B6E9 = { isa = PBXFileReference; explicitFileType = wrapper.application; path = Murmur.app; sourceTree = BUILT_PRODUCTS_DIR; };
F4CC53B03DA611F25FACF777 = { isa = PBXFileReference; lastKnownFileType = folder; path = "Sources/Murmur/Licenses"; sourceTree = "<group>"; };
F4075C73E79BD6995D83B69B = { isa = PBXBuildFile; fileRef = F4CC53B03DA611F25FACF777; };
6A2FA6E835C8644EC52CCA80 = { isa = PBXFileReference; lastKnownFileType = text; path = "LICENSE"; sourceTree = "<group>"; };
74FB2ACFA7FAA2697FF03423 = { isa = PBXBuildFile; fileRef = 6A2FA6E835C8644EC52CCA80; };
1B9A27781B86F2808DB56145 = { isa = PBXFileReference; lastKnownFileType = text; path = "THIRD_PARTY_NOTICES.md"; sourceTree = "<group>"; };
E37F7CD88E840F9A4A7C53B8 = { isa = PBXBuildFile; fileRef = 1B9A27781B86F2808DB56145; };
3F7A5E61AB91FE88C482324B = { isa = PBXFileReference; lastKnownFileType = image.icns; path = "Resources/Murmur.icns"; sourceTree = "<group>"; };
EF12438BAF45FBE08755F4F1 = { isa = PBXBuildFile; fileRef = 3F7A5E61AB91FE88C482324B; };
FBDC4F23F93125BBEEAE800C = { isa = PBXGroup; children = (38A007151ABE87CC01A5B6E9,); name = Products; sourceTree = "<group>"; };
B28B7AF69320201D1CF206EB = { isa = PBXGroup; children = (2648C8C22917832048EAC9ED,F4CC53B03DA611F25FACF777,6A2FA6E835C8644EC52CCA80,1B9A27781B86F2808DB56145,3F7A5E61AB91FE88C482324B,FBDC4F23F93125BBEEAE800C,); sourceTree = "<group>"; };
BCE16DD0260827ECF338C787 = { isa = PBXSourcesBuildPhase; buildActionMask = 2147483647; files = (FAE41FBA96A48A67B8123A78,DEB56887346718CEEF8CB97E,330DFA6C679CFA3132B66810,07EFFB5255014A5A0D7BF93B,A6EC808B36286E3422EF3EED,41A5733ADF421010E1DF3AA1,10E8236C54CE5FB7EBDAE4B8,B8B1BA0D88312A424BECEDB4,65978616CAF6FFB1B4793E8C,F6426E55E3A52F82A7882517,C7268869590CC85634F57518,ACC72AFB32FFD94CCA7AABD4,1A23D0CB2DD9C1AD732D02B7,F95B2F80D2C443E20BF186AE,05468FE2EE98968B3908C2A5,FA61BE619BD15C070D2F09E9,508F0CAE2731F3B0BCF01B23,2DB26BE1DB836E998AC0266E,2DD1B552B32F5671BBFE5D06,27B10A65FC80EA0F71D8157E,4ECBEAF6BB19730F94506EE4,33B99A5C216AC88019193844,54EA1098CC68D2C73C156581,7AA1F9AC89380964F369FA94,771EB788E39BED6894AE09AD,); runOnlyForDeploymentPostprocessing = 0; };
0189424A5A60FED329FA868E = { isa = PBXResourcesBuildPhase; buildActionMask = 2147483647; files = (F4075C73E79BD6995D83B69B,74FB2ACFA7FAA2697FF03423,E37F7CD88E840F9A4A7C53B8,EF12438BAF45FBE08755F4F1,); runOnlyForDeploymentPostprocessing = 0; };
7ADD65F7E3C592718DB9A130 = { isa = XCRemoteSwiftPackageReference; repositoryURL = "https://github.com/moonshine-ai/moonshine-swift.git"; requirement = { kind = exactVersion; version = 0.1.5; }; };
2FB9100C246F343DCA3AD57D = { isa = XCSwiftPackageProductDependency; package = 7ADD65F7E3C592718DB9A130; productName = MoonshineVoice; };
1F918AF20B3C647A218D758C = { isa = PBXBuildFile; productRef = 2FB9100C246F343DCA3AD57D; };
7428EDC488CC538A03E06DF6 = { isa = XCRemoteSwiftPackageReference; repositoryURL = "https://github.com/FluidInference/FluidAudio.git"; requirement = { kind = exactVersion; version = 0.17.4; }; };
481ACD4F88D440CBA77E7FA2 = { isa = XCSwiftPackageProductDependency; package = 7428EDC488CC538A03E06DF6; productName = FluidAudio; };
2522B2951348BBDD3F4F4A19 = { isa = PBXBuildFile; productRef = 481ACD4F88D440CBA77E7FA2; };
21D9A61DB621851230C473B6 = { isa = XCRemoteSwiftPackageReference; repositoryURL = "https://github.com/argmaxinc/argmax-oss-swift.git"; requirement = { kind = exactVersion; version = 1.1.0; }; };
7518E0F338815CC3C63924BC = { isa = XCSwiftPackageProductDependency; package = 21D9A61DB621851230C473B6; productName = WhisperKit; };
183DBB7BEAD2863F2106B598 = { isa = PBXBuildFile; productRef = 7518E0F338815CC3C63924BC; };
297A3D42C4DF0236A3B3931F = { isa = XCLocalSwiftPackageReference; relativePath = "."; };
A8EDA838251EE7E8747A5BCE = { isa = XCSwiftPackageProductDependency; package = 297A3D42C4DF0236A3B3931F; productName = MurmurCore; };
C65CF0544348D79A8C857AFD = { isa = PBXBuildFile; productRef = A8EDA838251EE7E8747A5BCE; };
7561BFB015D8F536760CB671 = { isa = PBXFrameworksBuildPhase; buildActionMask = 2147483647; files = (1F918AF20B3C647A218D758C,2522B2951348BBDD3F4F4A19,183DBB7BEAD2863F2106B598,C65CF0544348D79A8C857AFD,); runOnlyForDeploymentPostprocessing = 0; };
89E1FD6268CC0F221A2BE178 = { isa = XCBuildConfiguration; buildSettings = { MACOSX_DEPLOYMENT_TARGET = 26.0; SDKROOT = macosx; ARCHS = arm64; SWIFT_VERSION = 6.0; CLANG_ENABLE_MODULES = YES; SWIFT_OPTIMIZATION_LEVEL = "-Onone"; SWIFT_ACTIVE_COMPILATION_CONDITIONS = "DEBUG"; }; name = Debug; };
7082CC0B6FC1282FCEABD07A = { isa = XCBuildConfiguration; buildSettings = { PRODUCT_NAME = Murmur; PRODUCT_BUNDLE_IDENTIFIER = com.saltypanda.murmur.dev; INFOPLIST_FILE = Resources/Info.plist; CODE_SIGN_ENTITLEMENTS = Resources/Murmur.entitlements; CODE_SIGN_STYLE = Automatic; CODE_SIGN_IDENTITY = "Apple Development"; DEVELOPMENT_TEAM = 4WWK6TTABC; ENABLE_HARDENED_RUNTIME = YES; ENABLE_APP_SANDBOX = NO; GENERATE_INFOPLIST_FILE = NO; SWIFT_EMIT_LOC_STRINGS = YES; }; name = Debug; };
E6DE6C99132752C914FEF632 = { isa = XCBuildConfiguration; buildSettings = { MACOSX_DEPLOYMENT_TARGET = 26.0; SDKROOT = macosx; ARCHS = arm64; SWIFT_VERSION = 6.0; CLANG_ENABLE_MODULES = YES; SWIFT_OPTIMIZATION_LEVEL = "-O"; SWIFT_ACTIVE_COMPILATION_CONDITIONS = ""; }; name = Release; };
639A7CA24D39909E713B47F7 = { isa = XCBuildConfiguration; buildSettings = { PRODUCT_NAME = Murmur; PRODUCT_BUNDLE_IDENTIFIER = com.saltypanda.murmur.dev; INFOPLIST_FILE = Resources/Info.plist; CODE_SIGN_ENTITLEMENTS = Resources/Murmur.entitlements; CODE_SIGN_STYLE = Automatic; CODE_SIGN_IDENTITY = "Apple Development"; DEVELOPMENT_TEAM = 4WWK6TTABC; ENABLE_HARDENED_RUNTIME = YES; ENABLE_APP_SANDBOX = NO; GENERATE_INFOPLIST_FILE = NO; SWIFT_EMIT_LOC_STRINGS = YES; }; name = Release; };
793D6D7C60BD6329D6F91FDB = { isa = XCConfigurationList; buildConfigurations = (89E1FD6268CC0F221A2BE178,E6DE6C99132752C914FEF632,); defaultConfigurationIsVisible = 0; defaultConfigurationName = Release; };
D61E3363DEF3F4E448C68105 = { isa = XCConfigurationList; buildConfigurations = (7082CC0B6FC1282FCEABD07A,639A7CA24D39909E713B47F7,); defaultConfigurationIsVisible = 0; defaultConfigurationName = Release; };
0E8A3AD980EC179856012B7E = { isa = PBXNativeTarget; buildConfigurationList = D61E3363DEF3F4E448C68105; buildPhases = (BCE16DD0260827ECF338C787,7561BFB015D8F536760CB671,0189424A5A60FED329FA868E,); buildRules = (); dependencies = (); name = Murmur; packageProductDependencies = (2FB9100C246F343DCA3AD57D,481ACD4F88D440CBA77E7FA2,7518E0F338815CC3C63924BC,A8EDA838251EE7E8747A5BCE,); productName = Murmur; productReference = 38A007151ABE87CC01A5B6E9; productType = "com.apple.product-type.application"; };
98F54143AB4E86B28C3AFEE0 = { isa = PBXProject; attributes = { LastUpgradeCheck = 2700; }; buildConfigurationList = 793D6D7C60BD6329D6F91FDB; compatibilityVersion = "Xcode 14.0"; developmentRegion = en; knownRegions = (en,Base,); mainGroup = B28B7AF69320201D1CF206EB; productRefGroup = FBDC4F23F93125BBEEAE800C; projectDirPath = ""; projectRoot = ""; packageReferences = (7ADD65F7E3C592718DB9A130,7428EDC488CC538A03E06DF6,21D9A61DB621851230C473B6,297A3D42C4DF0236A3B3931F,); targets = (0E8A3AD980EC179856012B7E,); };
}; rootObject = 98F54143AB4E86B28C3AFEE0; }
